
Microsoft Visual Studio Solution File, Format Version 12.00
# Visual Studio Version 17
VisualStudioVersion = 17.13.35825.156 d17.13
MinimumVisualStudioVersion = 10.0.40219.1
Project("{FAE04EC0-301F-11D3-BF4B-00C04F79EFBC}") = "MeuApp", "MeuApp\MeuApp.csproj", "{EC77DA4A-3A07-465C-AA97-9154D224E248}"
EndProject
Global
	GlobalSection(SolutionConfigurationPlatforms) = preSolution
		Debug|Any CPU = Debug|Any CPU
		Release|Any CPU = Release|Any CPU
	EndGlobalSection
	GlobalSection(ProjectConfigurationPlatforms) = postSolution
		{EC77DA4A-3A07-465C-AA97-9154D224E248}.Debug|Any CPU.ActiveCfg = Debug|Any CPU
		{EC77DA4A-3A07-465C-AA97-9154D224E248}.Debug|Any CPU.Build.0 = Debug|Any CPU
		{EC77DA4A-3A07-465C-AA97-9154D224E248}.Release|Any CPU.ActiveCfg = Release|Any CPU
		{EC77DA4A-3A07-465C-AA97-9154D224E248}.Release|Any CPU.Build.0 = Release|Any CPU
	EndGlobalSection
	GlobalSection(SolutionProperties) = preSolution
		HideSolutionNode = FALSE
	EndGlobalSection
	GlobalSection(ExtensibilityGlobals) = postSolution
		SolutionGuid = {BBE022BB-A931-4AFD-A174-1DDAB25A6843}
	EndGlobalSection
EndGlobal
